
Microsoft Visual Studio Solution File, Format Version 12.00
# Visual Studio 14
VisualStudioVersion = 14.0.25420.1
MinimumVisualStudioVersion = 10.0.40219.1
Project("{FAE04EC0-301F-11D3-BF4B-00C04F79EFBC}") = "User", "User\User.csproj", "{111F0FAA-9E68-47A8-B46B-E261623591AB}"
EndProject
Project("{FAE04EC0-301F-11D3-BF4B-00C04F79EFBC}") = "DataAccessLayer", "DataAccesslayer\DataAccessLayer.csproj", "{472EBED4-DE42-4BF8-87FE-F6BFE3052509}"
EndProject
Project("{FAE04EC0-301F-11D3-BF4B-00C04F79EFBC}") = "BusinessLayer", "BusinessLayer\BusinessLayer.csproj", "{B5E677C0-7AF2-49DC-921B-DAB7B970B078}"
EndProject
Project("{FAE04EC0-301F-11D3-BF4B-00C04F79EFBC}") = "PresentationLayer", "PresentationLayer\PresentationLayer.csproj", "{884F5D9F-FBF0-4281-A35C-0E65E535697A}"
EndProject
Project("{FAE04EC0-301F-11D3-BF4B-00C04F79EFBC}") = "WCFServiceLibraryServiceLayer", "WCFServiceLibraryServiceLayer\WCFServiceLibraryServiceLayer.csproj", "{2EC4DBA1-2949-4899-A075-ED8A367D0344}"
EndProject
Global
	GlobalSection(SolutionConfigurationPlatforms) = preSolution
		Debug|Any CPU = Debug|Any CPU
		Release|Any CPU = Release|Any CPU
	EndGlobalSection
	GlobalSection(ProjectConfigurationPlatforms) = postSolution
		{111F0FAA-9E68-47A8-B46B-E261623591AB}.Debug|Any CPU.ActiveCfg = Debug|Any CPU
		{111F0FAA-9E68-47A8-B46B-E261623591AB}.Debug|Any CPU.Build.0 = Debug|Any CPU
		{111F0FAA-9E68-47A8-B46B-E261623591AB}.Release|Any CPU.ActiveCfg = Release|Any CPU
		{111F0FAA-9E68-47A8-B46B-E261623591AB}.Release|Any CPU.Build.0 = Release|Any CPU
		{472EBED4-DE42-4BF8-87FE-F6BFE3052509}.Debug|Any CPU.ActiveCfg = Debug|Any CPU
		{472EBED4-DE42-4BF8-87FE-F6BFE3052509}.Debug|Any CPU.Build.0 = Debug|Any CPU
		{472EBED4-DE42-4BF8-87FE-F6BFE3052509}.Release|Any CPU.ActiveCfg = Release|Any CPU
		{472EBED4-DE42-4BF8-87FE-F6BFE3052509}.Release|Any CPU.Build.0 = Release|Any CPU
		{B5E677C0-7AF2-49DC-921B-DAB7B970B078}.Debug|Any CPU.ActiveCfg = Debug|Any CPU
		{B5E677C0-7AF2-49DC-921B-DAB7B970B078}.Debug|Any CPU.Build.0 = Debug|Any CPU
		{B5E677C0-7AF2-49DC-921B-DAB7B970B078}.Release|Any CPU.ActiveCfg = Release|Any CPU
		{B5E677C0-7AF2-49DC-921B-DAB7B970B078}.Release|Any CPU.Build.0 = Release|Any CPU
		{884F5D9F-FBF0-4281-A35C-0E65E535697A}.Debug|Any CPU.ActiveCfg = Debug|Any CPU
		{884F5D9F-FBF0-4281-A35C-0E65E535697A}.Debug|Any CPU.Build.0 = Debug|Any CPU
		{884F5D9F-FBF0-4281-A35C-0E65E535697A}.Release|Any CPU.ActiveCfg = Release|Any CPU
		{884F5D9F-FBF0-4281-A35C-0E65E535697A}.Release|Any CPU.Build.0 = Release|Any CPU
		{2EC4DBA1-2949-4899-A075-ED8A367D0344}.Debug|Any CPU.ActiveCfg = Debug|Any CPU
		{2EC4DBA1-2949-4899-A075-ED8A367D0344}.Debug|Any CPU.Build.0 = Debug|Any CPU
		{2EC4DBA1-2949-4899-A075-ED8A367D0344}.Release|Any CPU.ActiveCfg = Release|Any CPU
		{2EC4DBA1-2949-4899-A075-ED8A367D0344}.Release|Any CPU.Build.0 = Release|Any CPU
	EndGlobalSection
	GlobalSection(SolutionProperties) = preSolution
		HideSolutionNode = FALSE
	EndGlobalSection
EndGlobal
